
Microsoft Visual Studio Solution File, Format Version 11.00
# Visual Studio 2010
Project("{FAE04EC0-301F-11D3-BF4B-00C04F79EFBC}") = "GetWorkItem", "GetWorkItem\GetWorkItem.csproj", "{735D89CB-24E1-47FE-BDC4-5046E6CB5C8D}"
EndProject
Project("{FAE04EC0-301F-11D3-BF4B-00C04F79EFBC}") = "AddWorkItem", "AddWorkItem\AddWorkItem.csproj", "{9F316BD6-AD59-4A26-ABF8-9C9AB6806258}"
EndProject
Project("{FAE04EC0-301F-11D3-BF4B-00C04F79EFBC}") = "ListWorkItemFields", "ListWorkItemFields\ListWorkItemFields.csproj", "{49BE47A0-BFAA-4DA5-950A-E980E95D8BC2}"
EndProject
Project("{FAE04EC0-301F-11D3-BF4B-00C04F79EFBC}") = "AddAttachments", "AddAttachments\AddAttachments.csproj", "{BE12CD8A-9563-48DD-A4F2-B46D4EFAB757}"
EndProject
Project("{FAE04EC0-301F-11D3-BF4B-00C04F79EFBC}") = "GetUserList", "GetUserList\GetUserList.csproj", "{CCC879A9-273B-46C0-8E70-DBEA1E6190F3}"
EndProject
Global
	GlobalSection(SolutionConfigurationPlatforms) = preSolution
		Debug|x86 = Debug|x86
		Release|x86 = Release|x86
	EndGlobalSection
	GlobalSection(ProjectConfigurationPlatforms) = postSolution
		{735D89CB-24E1-47FE-BDC4-5046E6CB5C8D}.Debug|x86.ActiveCfg = Debug|x86
		{735D89CB-24E1-47FE-BDC4-5046E6CB5C8D}.Debug|x86.Build.0 = Debug|x86
		{735D89CB-24E1-47FE-BDC4-5046E6CB5C8D}.Release|x86.ActiveCfg = Release|x86
		{735D89CB-24E1-47FE-BDC4-5046E6CB5C8D}.Release|x86.Build.0 = Release|x86
		{9F316BD6-AD59-4A26-ABF8-9C9AB6806258}.Debug|x86.ActiveCfg = Debug|x86
		{9F316BD6-AD59-4A26-ABF8-9C9AB6806258}.Debug|x86.Build.0 = Debug|x86
		{9F316BD6-AD59-4A26-ABF8-9C9AB6806258}.Release|x86.ActiveCfg = Release|x86
		{9F316BD6-AD59-4A26-ABF8-9C9AB6806258}.Release|x86.Build.0 = Release|x86
		{49BE47A0-BFAA-4DA5-950A-E980E95D8BC2}.Debug|x86.ActiveCfg = Debug|x86
		{49BE47A0-BFAA-4DA5-950A-E980E95D8BC2}.Debug|x86.Build.0 = Debug|x86
		{49BE47A0-BFAA-4DA5-950A-E980E95D8BC2}.Release|x86.ActiveCfg = Release|x86
		{49BE47A0-BFAA-4DA5-950A-E980E95D8BC2}.Release|x86.Build.0 = Release|x86
		{BE12CD8A-9563-48DD-A4F2-B46D4EFAB757}.Debug|x86.ActiveCfg = Debug|x86
		{BE12CD8A-9563-48DD-A4F2-B46D4EFAB757}.Debug|x86.Build.0 = Debug|x86
		{BE12CD8A-9563-48DD-A4F2-B46D4EFAB757}.Release|x86.ActiveCfg = Release|x86
		{BE12CD8A-9563-48DD-A4F2-B46D4EFAB757}.Release|x86.Build.0 = Release|x86
		{CCC879A9-273B-46C0-8E70-DBEA1E6190F3}.Debug|x86.ActiveCfg = Debug|x86
		{CCC879A9-273B-46C0-8E70-DBEA1E6190F3}.Debug|x86.Build.0 = Debug|x86
		{CCC879A9-273B-46C0-8E70-DBEA1E6190F3}.Release|x86.ActiveCfg = Release|x86
		{CCC879A9-273B-46C0-8E70-DBEA1E6190F3}.Release|x86.Build.0 = Release|x86
	EndGlobalSection
	GlobalSection(SolutionProperties) = preSolution
		HideSolutionNode = FALSE
	EndGlobalSection
EndGlobal
